
Microsoft Visual Studio Solution File, Format Version 12.00
# Visual Studio Version 16
VisualStudioVersion = 16.0.31005.135
MinimumVisualStudioVersion = 10.0.40219.1
Project("{FAE04EC0-301F-11D3-BF4B-00C04F79EFBC}") = "Perceptomancer", "Perceptomancer\Perceptomancer.csproj", "{C788D0F3-636C-449C-B89B-F85A36C0042F}"
EndProject
Project("{FAE04EC0-301F-11D3-BF4B-00C04F79EFBC}") = "Perceptomancer.Tests", "Perceptomancer.Tests\Perceptomancer.Tests.csproj", "{8209B9A3-BFD8-452B-8B27-E166CF8E3B0B}"
EndProject
Global
	GlobalSection(SolutionConfigurationPlatforms) = preSolution
		Debug|Any CPU = Debug|Any CPU
		Release|Any CPU = Release|Any CPU
	EndGlobalSection
	GlobalSection(ProjectConfigurationPlatforms) = postSolution
		{C788D0F3-636C-449C-B89B-F85A36C0042F}.Debug|Any CPU.ActiveCfg = Debug|Any CPU
		{C788D0F3-636C-449C-B89B-F85A36C0042F}.Debug|Any CPU.Build.0 = Debug|Any CPU
		{C788D0F3-636C-449C-B89B-F85A36C0042F}.Release|Any CPU.ActiveCfg = Release|Any CPU
		{C788D0F3-636C-449C-B89B-F85A36C0042F}.Release|Any CPU.Build.0 = Release|Any CPU
		{8209B9A3-BFD8-452B-8B27-E166CF8E3B0B}.Debug|Any CPU.ActiveCfg = Debug|Any CPU
		{8209B9A3-BFD8-452B-8B27-E166CF8E3B0B}.Debug|Any CPU.Build.0 = Debug|Any CPU
		{8209B9A3-BFD8-452B-8B27-E166CF8E3B0B}.Release|Any CPU.ActiveCfg = Release|Any CPU
		{8209B9A3-BFD8-452B-8B27-E166CF8E3B0B}.Release|Any CPU.Build.0 = Release|Any CPU
	EndGlobalSection
	GlobalSection(SolutionProperties) = preSolution
		HideSolutionNode = FALSE
	EndGlobalSection
	GlobalSection(ExtensibilityGlobals) = postSolution
		SolutionGuid = {AE15C0EF-4812-45F2-8EB8-7F7C470B7C69}
	EndGlobalSection
EndGlobal
